
Microsoft Visual Studio Solution File, Format Version 12.00
Project("{FAE04EC0-301F-11D3-BF4B-00C04F79EFBC}") = "Teste", "Teste\Teste.csproj", "{646C1228-F8BF-4A6B-878A-7D81A30B5226}"
EndProject
Project("{FAE04EC0-301F-11D3-BF4B-00C04F79EFBC}") = "Cedula", "Cedula\Cedula.csproj", "{933F76D7-0F40-4DC0-8F8E-FE993BCA1A89}"
EndProject
Project("{FAE04EC0-301F-11D3-BF4B-00C04F79EFBC}") = "Func", "Func\Func.csproj", "{59E90584-09C5-4994-A288-AD7E0F884392}"
EndProject
Project("{FAE04EC0-301F-11D3-BF4B-00C04F79EFBC}") = "AulaGetHashCode", "AulaGetHashCode\AulaGetHashCode.csproj", "{EB91ADE8-831D-4261-AE9F-EE00DC9EDE6D}"
EndProject
Project("{FAE04EC0-301F-11D3-BF4B-00C04F79EFBC}") = "AulaPedido", "AulaPedido\AulaPedido.csproj", "{CAD0F872-0424-45E6-8BA6-79B30A7E2214}"
EndProject
Project("{FAE04EC0-301F-11D3-BF4B-00C04F79EFBC}") = "AulaPosts", "AulaPosts\AulaPosts.csproj", "{8DC41CBF-9A14-4381-87C1-D48CC3F08428}"
EndProject
Project("{FAE04EC0-301F-11D3-BF4B-00C04F79EFBC}") = "BankAccountException", "BankAccountException\BankAccountException.csproj", "{6B5124A3-4E54-4393-BD2B-7D945D0EA7BE}"
EndProject
Project("{FAE04EC0-301F-11D3-BF4B-00C04F79EFBC}") = "CompararMaiorGenerics", "CompararMaiorGenerics\CompararMaiorGenerics.csproj", "{7349B075-D250-40A8-8A54-B018C4BA5C82}"
EndProject
Project("{FAE04EC0-301F-11D3-BF4B-00C04F79EFBC}") = "Comparação", "Comparação\Comparação.csproj", "{42933B59-5C98-4DBE-A023-DFA99C402905}"
EndProject
Project("{FAE04EC0-301F-11D3-BF4B-00C04F79EFBC}") = "ConsumirAPI", "ConsumirAPI\ConsumirAPI.csproj", "{5C6A3C16-B461-4972-B778-73380CF8B5B0}"
EndProject
Project("{FAE04EC0-301F-11D3-BF4B-00C04F79EFBC}") = "ContratoTrabalho", "ContratoTrabalho\ContratoTrabalho.csproj", "{9C392F6A-07C2-43CB-A92B-ABE7CE9ED030}"
EndProject
Project("{FAE04EC0-301F-11D3-BF4B-00C04F79EFBC}") = "CourseControl", "CourseControl\CourseControl.csproj", "{1AA1CC95-E7EF-4E02-9137-A0909D56DECD}"
EndProject
Project("{FAE04EC0-301F-11D3-BF4B-00C04F79EFBC}") = "ExtensionMethod", "ExtensionMethod\ExtensionMethod.csproj", "{29D55C8A-9598-41A7-9951-F5C3309D4923}"
EndProject
Project("{FAE04EC0-301F-11D3-BF4B-00C04F79EFBC}") = "FilesTest", "FilesTest\FilesTest.csproj", "{682F95EF-A5F8-4290-B436-7ECA79F21112}"
EndProject
Project("{FAE04EC0-301F-11D3-BF4B-00C04F79EFBC}") = "IComparablee", "IComparable\IComparablee.csproj", "{2D01E9E9-976C-41EA-85A6-F327A325F863}"
EndProject
Project("{FAE04EC0-301F-11D3-BF4B-00C04F79EFBC}") = "Interface", "Interface\Interface.csproj", "{D5D628E0-952E-40BE-91E9-CFD2D173EF5A}"
EndProject
Project("{FAE04EC0-301F-11D3-BF4B-00C04F79EFBC}") = "LogUser", "LogUser\LogUser.csproj", "{BC7F088E-153D-4932-91EF-554A7720E5CE}"
EndProject
Project("{FAE04EC0-301F-11D3-BF4B-00C04F79EFBC}") = "OrderlyList", "OrderlyList\OrderlyList.csproj", "{332ABF6A-5BA0-4D51-80D2-E2F44C359D89}"
EndProject
Project("{FAE04EC0-301F-11D3-BF4B-00C04F79EFBC}") = "Products", "Products\Products.csproj", "{F94E92F4-F8FD-48C8-81A0-4436E33854E1}"
EndProject
Project("{FAE04EC0-301F-11D3-BF4B-00C04F79EFBC}") = "TaxPayer", "TaxPayer\TaxPayer.csproj", "{9B73775C-D220-46BA-B1FD-BE628C39A542}"
EndProject
Project("{FAE04EC0-301F-11D3-BF4B-00C04F79EFBC}") = "UsandoInterface", "UsandoInterface\UsandoInterface.csproj", "{6B89A24E-5BA6-4495-84EA-FFF0F283C820}"
EndProject
Project("{FAE04EC0-301F-11D3-BF4B-00C04F79EFBC}") = "UsingDictionary", "UsingDictionary\UsingDictionary.csproj", "{13BA009C-A704-4E6C-9406-4AE0266A5DA1}"
EndProject
Project("{FAE04EC0-301F-11D3-BF4B-00C04F79EFBC}") = "EstruturaDeDadosPilha", "EstruturaDeDadosPilha\EstruturaDeDadosPilha.csproj", "{88768BC9-DFFF-4165-A8E2-3F7B7FADAEAB}"
EndProject
Global
	GlobalSection(SolutionConfigurationPlatforms) = preSolution
		Debug|Any CPU = Debug|Any CPU
		Release|Any CPU = Release|Any CPU
	EndGlobalSection
	GlobalSection(ProjectConfigurationPlatforms) = postSolution
		{646C1228-F8BF-4A6B-878A-7D81A30B5226}.Debug|Any CPU.ActiveCfg = Debug|Any CPU
		{646C1228-F8BF-4A6B-878A-7D81A30B5226}.Debug|Any CPU.Build.0 = Debug|Any CPU
		{646C1228-F8BF-4A6B-878A-7D81A30B5226}.Release|Any CPU.ActiveCfg = Release|Any CPU
		{646C1228-F8BF-4A6B-878A-7D81A30B5226}.Release|Any CPU.Build.0 = Release|Any CPU
		{933F76D7-0F40-4DC0-8F8E-FE993BCA1A89}.Debug|Any CPU.ActiveCfg = Debug|Any CPU
		{933F76D7-0F40-4DC0-8F8E-FE993BCA1A89}.Debug|Any CPU.Build.0 = Debug|Any CPU
		{933F76D7-0F40-4DC0-8F8E-FE993BCA1A89}.Release|Any CPU.ActiveCfg = Release|Any CPU
		{933F76D7-0F40-4DC0-8F8E-FE993BCA1A89}.Release|Any CPU.Build.0 = Release|Any CPU
		{59E90584-09C5-4994-A288-AD7E0F884392}.Debug|Any CPU.ActiveCfg = Debug|Any CPU
		{59E90584-09C5-4994-A288-AD7E0F884392}.Debug|Any CPU.Build.0 = Debug|Any CPU
		{59E90584-09C5-4994-A288-AD7E0F884392}.Release|Any CPU.ActiveCfg = Release|Any CPU
		{59E90584-09C5-4994-A288-AD7E0F884392}.Release|Any CPU.Build.0 = Release|Any CPU
		{EB91ADE8-831D-4261-AE9F-EE00DC9EDE6D}.Debug|Any CPU.ActiveCfg = Debug|Any CPU
		{EB91ADE8-831D-4261-AE9F-EE00DC9EDE6D}.Debug|Any CPU.Build.0 = Debug|Any CPU
		{EB91ADE8-831D-4261-AE9F-EE00DC9EDE6D}.Release|Any CPU.ActiveCfg = Release|Any CPU
		{EB91ADE8-831D-4261-AE9F-EE00DC9EDE6D}.Release|Any CPU.Build.0 = Release|Any CPU
		{CAD0F872-0424-45E6-8BA6-79B30A7E2214}.Debug|Any CPU.ActiveCfg = Debug|Any CPU
		{CAD0F872-0424-45E6-8BA6-79B30A7E2214}.Debug|Any CPU.Build.0 = Debug|Any CPU
		{CAD0F872-0424-45E6-8BA6-79B30A7E2214}.Release|Any CPU.ActiveCfg = Release|Any CPU
		{CAD0F872-0424-45E6-8BA6-79B30A7E2214}.Release|Any CPU.Build.0 = Release|Any CPU
		{8DC41CBF-9A14-4381-87C1-D48CC3F08428}.Debug|Any CPU.ActiveCfg = Debug|Any CPU
		{8DC41CBF-9A14-4381-87C1-D48CC3F08428}.Debug|Any CPU.Build.0 = Debug|Any CPU
		{8DC41CBF-9A14-4381-87C1-D48CC3F08428}.Release|Any CPU.ActiveCfg = Release|Any CPU
		{8DC41CBF-9A14-4381-87C1-D48CC3F08428}.Release|Any CPU.Build.0 = Release|Any CPU
		{6B5124A3-4E54-4393-BD2B-7D945D0EA7BE}.Debug|Any CPU.ActiveCfg = Debug|Any CPU
		{6B5124A3-4E54-4393-BD2B-7D945D0EA7BE}.Debug|Any CPU.Build.0 = Debug|Any CPU
		{6B5124A3-4E54-4393-BD2B-7D945D0EA7BE}.Release|Any CPU.ActiveCfg = Release|Any CPU
		{6B5124A3-4E54-4393-BD2B-7D945D0EA7BE}.Release|Any CPU.Build.0 = Release|Any CPU
		{7349B075-D250-40A8-8A54-B018C4BA5C82}.Debug|Any CPU.ActiveCfg = Debug|Any CPU
		{7349B075-D250-40A8-8A54-B018C4BA5C82}.Debug|Any CPU.Build.0 = Debug|Any CPU
		{7349B075-D250-40A8-8A54-B018C4BA5C82}.Release|Any CPU.ActiveCfg = Release|Any CPU
		{7349B075-D250-40A8-8A54-B018C4BA5C82}.Release|Any CPU.Build.0 = Release|Any CPU
		{42933B59-5C98-4DBE-A023-DFA99C402905}.Debug|Any CPU.ActiveCfg = Debug|Any CPU
		{42933B59-5C98-4DBE-A023-DFA99C402905}.Debug|Any CPU.Build.0 = Debug|Any CPU
		{42933B59-5C98-4DBE-A023-DFA99C402905}.Release|Any CPU.ActiveCfg = Release|Any CPU
		{42933B59-5C98-4DBE-A023-DFA99C402905}.Release|Any CPU.Build.0 = Release|Any CPU
		{5C6A3C16-B461-4972-B778-73380CF8B5B0}.Debug|Any CPU.ActiveCfg = Debug|Any CPU
		{5C6A3C16-B461-4972-B778-73380CF8B5B0}.Debug|Any CPU.Build.0 = Debug|Any CPU
		{5C6A3C16-B461-4972-B778-73380CF8B5B0}.Release|Any CPU.ActiveCfg = Release|Any CPU
		{5C6A3C16-B461-4972-B778-73380CF8B5B0}.Release|Any CPU.Build.0 = Release|Any CPU
		{9C392F6A-07C2-43CB-A92B-ABE7CE9ED030}.Debug|Any CPU.ActiveCfg = Debug|Any CPU
		{9C392F6A-07C2-43CB-A92B-ABE7CE9ED030}.Debug|Any CPU.Build.0 = Debug|Any CPU
		{9C392F6A-07C2-43CB-A92B-ABE7CE9ED030}.Release|Any CPU.ActiveCfg = Release|Any CPU
		{9C392F6A-07C2-43CB-A92B-ABE7CE9ED030}.Release|Any CPU.Build.0 = Release|Any CPU
		{1AA1CC95-E7EF-4E02-9137-A0909D56DECD}.Debug|Any CPU.ActiveCfg = Debug|Any CPU
		{1AA1CC95-E7EF-4E02-9137-A0909D56DECD}.Debug|Any CPU.Build.0 = Debug|Any CPU
		{1AA1CC95-E7EF-4E02-9137-A0909D56DECD}.Release|Any CPU.ActiveCfg = Release|Any CPU
		{1AA1CC95-E7EF-4E02-9137-A0909D56DECD}.Release|Any CPU.Build.0 = Release|Any CPU
		{29D55C8A-9598-41A7-9951-F5C3309D4923}.Debug|Any CPU.ActiveCfg = Debug|Any CPU
		{29D55C8A-9598-41A7-9951-F5C3309D4923}.Debug|Any CPU.Build.0 = Debug|Any CPU
		{29D55C8A-9598-41A7-9951-F5C3309D4923}.Release|Any CPU.ActiveCfg = Release|Any CPU
		{29D55C8A-9598-41A7-9951-F5C3309D4923}.Release|Any CPU.Build.0 = Release|Any CPU
		{682F95EF-A5F8-4290-B436-7ECA79F21112}.Debug|Any CPU.ActiveCfg = Debug|Any CPU
		{682F95EF-A5F8-4290-B436-7ECA79F21112}.Debug|Any CPU.Build.0 = Debug|Any CPU
		{682F95EF-A5F8-4290-B436-7ECA79F21112}.Release|Any CPU.ActiveCfg = Release|Any CPU
		{682F95EF-A5F8-4290-B436-7ECA79F21112}.Release|Any CPU.Build.0 = Release|Any CPU
		{2D01E9E9-976C-41EA-85A6-F327A325F863}.Debug|Any CPU.ActiveCfg = Debug|Any CPU
		{2D01E9E9-976C-41EA-85A6-F327A325F863}.Debug|Any CPU.Build.0 = Debug|Any CPU
		{2D01E9E9-976C-41EA-85A6-F327A325F863}.Release|Any CPU.ActiveCfg = Release|Any CPU
		{2D01E9E9-976C-41EA-85A6-F327A325F863}.Release|Any CPU.Build.0 = Release|Any CPU
		{D5D628E0-952E-40BE-91E9-CFD2D173EF5A}.Debug|Any CPU.ActiveCfg = Debug|Any CPU
		{D5D628E0-952E-40BE-91E9-CFD2D173EF5A}.Debug|Any CPU.Build.0 = Debug|Any CPU
		{D5D628E0-952E-40BE-91E9-CFD2D173EF5A}.Release|Any CPU.ActiveCfg = Release|Any CPU
		{D5D628E0-952E-40BE-91E9-CFD2D173EF5A}.Release|Any CPU.Build.0 = Release|Any CPU
		{BC7F088E-153D-4932-91EF-554A7720E5CE}.Debug|Any CPU.ActiveCfg = Debug|Any CPU
		{BC7F088E-153D-4932-91EF-554A7720E5CE}.Debug|Any CPU.Build.0 = Debug|Any CPU
		{BC7F088E-153D-4932-91EF-554A7720E5CE}.Release|Any CPU.ActiveCfg = Release|Any CPU
		{BC7F088E-153D-4932-91EF-554A7720E5CE}.Release|Any CPU.Build.0 = Release|Any CPU
		{332ABF6A-5BA0-4D51-80D2-E2F44C359D89}.Debug|Any CPU.ActiveCfg = Debug|Any CPU
		{332ABF6A-5BA0-4D51-80D2-E2F44C359D89}.Debug|Any CPU.Build.0 = Debug|Any CPU
		{332ABF6A-5BA0-4D51-80D2-E2F44C359D89}.Release|Any CPU.ActiveCfg = Release|Any CPU
		{332ABF6A-5BA0-4D51-80D2-E2F44C359D89}.Release|Any CPU.Build.0 = Release|Any CPU
		{F94E92F4-F8FD-48C8-81A0-4436E33854E1}.Debug|Any CPU.ActiveCfg = Debug|Any CPU
		{F94E92F4-F8FD-48C8-81A0-4436E33854E1}.Debug|Any CPU.Build.0 = Debug|Any CPU
		{F94E92F4-F8FD-48C8-81A0-4436E33854E1}.Release|Any CPU.ActiveCfg = Release|Any CPU
		{F94E92F4-F8FD-48C8-81A0-4436E33854E1}.Release|Any CPU.Build.0 = Release|Any CPU
		{9B73775C-D220-46BA-B1FD-BE628C39A542}.Debug|Any CPU.ActiveCfg = Debug|Any CPU
		{9B73775C-D220-46BA-B1FD-BE628C39A542}.Debug|Any CPU.Build.0 = Debug|Any CPU
		{9B73775C-D220-46BA-B1FD-BE628C39A542}.Release|Any CPU.ActiveCfg = Release|Any CPU
		{9B73775C-D220-46BA-B1FD-BE628C39A542}.Release|Any CPU.Build.0 = Release|Any CPU
		{6B89A24E-5BA6-4495-84EA-FFF0F283C820}.Debug|Any CPU.ActiveCfg = Debug|Any CPU
		{6B89A24E-5BA6-4495-84EA-FFF0F283C820}.Debug|Any CPU.Build.0 = Debug|Any CPU
		{6B89A24E-5BA6-4495-84EA-FFF0F283C820}.Release|Any CPU.ActiveCfg = Release|Any CPU
		{6B89A24E-5BA6-4495-84EA-FFF0F283C820}.Release|Any CPU.Build.0 = Release|Any CPU
		{13BA009C-A704-4E6C-9406-4AE0266A5DA1}.Debug|Any CPU.ActiveCfg = Debug|Any CPU
		{13BA009C-A704-4E6C-9406-4AE0266A5DA1}.Debug|Any CPU.Build.0 = Debug|Any CPU
		{13BA009C-A704-4E6C-9406-4AE0266A5DA1}.Release|Any CPU.ActiveCfg = Release|Any CPU
		{13BA009C-A704-4E6C-9406-4AE0266A5DA1}.Release|Any CPU.Build.0 = Release|Any CPU
		{88768BC9-DFFF-4165-A8E2-3F7B7FADAEAB}.Debug|Any CPU.ActiveCfg = Debug|Any CPU
		{88768BC9-DFFF-4165-A8E2-3F7B7FADAEAB}.Debug|Any CPU.Build.0 = Debug|Any CPU
		{88768BC9-DFFF-4165-A8E2-3F7B7FADAEAB}.Release|Any CPU.ActiveCfg = Release|Any CPU
		{88768BC9-DFFF-4165-A8E2-3F7B7FADAEAB}.Release|Any CPU.Build.0 = Release|Any CPU
	EndGlobalSection
EndGlobal
