
Microsoft Visual Studio Solution File, Format Version 12.00
Project("{FAE04EC0-301F-11D3-BF4B-00C04F79EFBC}") = "ExemplosCSharp", "ExemplosCSharp\ExemplosCSharp.csproj", "{9BD16A69-AD13-4487-B461-030C2010BF3A}"
EndProject
Project("{FAE04EC0-301F-11D3-BF4B-00C04F79EFBC}") = "cedula", "..\Cedula\cedula\cedula.csproj", "{4B48280C-6C99-42BD-AD77-458B6357EB2E}"
EndProject
Project("{FAE04EC0-301F-11D3-BF4B-00C04F79EFBC}") = "Teste", "..\Teste\Teste\Teste.csproj", "{83695EA4-C970-4AD5-97EE-E200CD82B8BD}"
EndProject
Global
	GlobalSection(SolutionConfigurationPlatforms) = preSolution
		Debug|Any CPU = Debug|Any CPU
		Release|Any CPU = Release|Any CPU
	EndGlobalSection
	GlobalSection(ProjectConfigurationPlatforms) = postSolution
		{9BD16A69-AD13-4487-B461-030C2010BF3A}.Debug|Any CPU.ActiveCfg = Debug|Any CPU
		{9BD16A69-AD13-4487-B461-030C2010BF3A}.Debug|Any CPU.Build.0 = Debug|Any CPU
		{9BD16A69-AD13-4487-B461-030C2010BF3A}.Release|Any CPU.ActiveCfg = Release|Any CPU
		{9BD16A69-AD13-4487-B461-030C2010BF3A}.Release|Any CPU.Build.0 = Release|Any CPU
		{4B48280C-6C99-42BD-AD77-458B6357EB2E}.Debug|Any CPU.ActiveCfg = Debug|Any CPU
		{4B48280C-6C99-42BD-AD77-458B6357EB2E}.Debug|Any CPU.Build.0 = Debug|Any CPU
		{4B48280C-6C99-42BD-AD77-458B6357EB2E}.Release|Any CPU.ActiveCfg = Release|Any CPU
		{4B48280C-6C99-42BD-AD77-458B6357EB2E}.Release|Any CPU.Build.0 = Release|Any CPU
		{83695EA4-C970-4AD5-97EE-E200CD82B8BD}.Debug|Any CPU.ActiveCfg = Debug|Any CPU
		{83695EA4-C970-4AD5-97EE-E200CD82B8BD}.Debug|Any CPU.Build.0 = Debug|Any CPU
		{83695EA4-C970-4AD5-97EE-E200CD82B8BD}.Release|Any CPU.ActiveCfg = Release|Any CPU
		{83695EA4-C970-4AD5-97EE-E200CD82B8BD}.Release|Any CPU.Build.0 = Release|Any CPU
	EndGlobalSection
EndGlobal
